
Microsoft Visual Studio Solution File, Format Version 12.00
# Visual Studio Version 17
VisualStudioVersion = 17.14.36401.2 d17.14
MinimumVisualStudioVersion = 10.0.40219.1
Project("{FAE04EC0-301F-11D3-BF4B-00C04F79EFBC}") = "LibraryManagementSystem", "LibraryManagementSystem\LibraryManagementSystem.csproj", "{AFA4DE9E-3561-4C37-8937-8EF6882EB0CF}"
EndProject
Global
	GlobalSection(SolutionConfigurationPlatforms) = preSolution
		Debug|Any CPU = Debug|Any CPU
		Release|Any CPU = Release|Any CPU
	EndGlobalSection
	GlobalSection(ProjectConfigurationPlatforms) = postSolution
		{AFA4DE9E-3561-4C37-8937-8EF6882EB0CF}.Debug|Any CPU.ActiveCfg = Debug|Any CPU
		{AFA4DE9E-3561-4C37-8937-8EF6882EB0CF}.Debug|Any CPU.Build.0 = Debug|Any CPU
		{AFA4DE9E-3561-4C37-8937-8EF6882EB0CF}.Release|Any CPU.ActiveCfg = Release|Any CPU
		{AFA4DE9E-3561-4C37-8937-8EF6882EB0CF}.Release|Any CPU.Build.0 = Release|Any CPU
	EndGlobalSection
	GlobalSection(SolutionProperties) = preSolution
		HideSolutionNode = FALSE
	EndGlobalSection
	GlobalSection(ExtensibilityGlobals) = postSolution
		SolutionGuid = {90B76ECE-9155-4C8B-A401-C39DC61B3A78}
	EndGlobalSection
EndGlobal
